
Microsoft Visual Studio Solution File, Format Version 12.00
# Visual Studio Version 17
VisualStudioVersion = 17.11.34909.67
MinimumVisualStudioVersion = 10.0.40219.1
Project("{9A19103F-16F7-4668-BE54-9A1E7A4F7556}") = "Core", "Core\Core.csproj", "{977C69C6-86FA-4E6E-9979-3307A69338AF}"
EndProject
Project("{9A19103F-16F7-4668-BE54-9A1E7A4F7556}") = "Entity", "Entity\Entity.csproj", "{E9C6F546-D39D-44FE-9E14-8B6206D4AD00}"
EndProject
Project("{9A19103F-16F7-4668-BE54-9A1E7A4F7556}") = "Data", "Data\Data.csproj", "{F5561D3D-090D-49BA-B844-3E4039B94D41}"
EndProject
Project("{9A19103F-16F7-4668-BE54-9A1E7A4F7556}") = "Service", "Service\Service.csproj", "{619B9B6F-4300-4C12-BA16-28A96E5A8490}"
EndProject
Project("{FAE04EC0-301F-11D3-BF4B-00C04F79EFBC}") = "WEB", "WEB\WEB.csproj", "{CA45FB8E-92E7-4495-B6E1-51DB6525CBB1}"
EndProject
Global
	GlobalSection(SolutionConfigurationPlatforms) = preSolution
		Debug|Any CPU = Debug|Any CPU
		Release|Any CPU = Release|Any CPU
	EndGlobalSection
	GlobalSection(ProjectConfigurationPlatforms) = postSolution
		{977C69C6-86FA-4E6E-9979-3307A69338AF}.Debug|Any CPU.ActiveCfg = Debug|Any CPU
		{977C69C6-86FA-4E6E-9979-3307A69338AF}.Debug|Any CPU.Build.0 = Debug|Any CPU
		{977C69C6-86FA-4E6E-9979-3307A69338AF}.Release|Any CPU.ActiveCfg = Release|Any CPU
		{977C69C6-86FA-4E6E-9979-3307A69338AF}.Release|Any CPU.Build.0 = Release|Any CPU
		{E9C6F546-D39D-44FE-9E14-8B6206D4AD00}.Debug|Any CPU.ActiveCfg = Debug|Any CPU
		{E9C6F546-D39D-44FE-9E14-8B6206D4AD00}.Debug|Any CPU.Build.0 = Debug|Any CPU
		{E9C6F546-D39D-44FE-9E14-8B6206D4AD00}.Release|Any CPU.ActiveCfg = Release|Any CPU
		{E9C6F546-D39D-44FE-9E14-8B6206D4AD00}.Release|Any CPU.Build.0 = Release|Any CPU
		{F5561D3D-090D-49BA-B844-3E4039B94D41}.Debug|Any CPU.ActiveCfg = Debug|Any CPU
		{F5561D3D-090D-49BA-B844-3E4039B94D41}.Debug|Any CPU.Build.0 = Debug|Any CPU
		{F5561D3D-090D-49BA-B844-3E4039B94D41}.Release|Any CPU.ActiveCfg = Release|Any CPU
		{F5561D3D-090D-49BA-B844-3E4039B94D41}.Release|Any CPU.Build.0 = Release|Any CPU
		{619B9B6F-4300-4C12-BA16-28A96E5A8490}.Debug|Any CPU.ActiveCfg = Debug|Any CPU
		{619B9B6F-4300-4C12-BA16-28A96E5A8490}.Debug|Any CPU.Build.0 = Debug|Any CPU
		{619B9B6F-4300-4C12-BA16-28A96E5A8490}.Release|Any CPU.ActiveCfg = Release|Any CPU
		{619B9B6F-4300-4C12-BA16-28A96E5A8490}.Release|Any CPU.Build.0 = Release|Any CPU
		{CA45FB8E-92E7-4495-B6E1-51DB6525CBB1}.Debug|Any CPU.ActiveCfg = Debug|Any CPU
		{CA45FB8E-92E7-4495-B6E1-51DB6525CBB1}.Debug|Any CPU.Build.0 = Debug|Any CPU
		{CA45FB8E-92E7-4495-B6E1-51DB6525CBB1}.Release|Any CPU.ActiveCfg = Release|Any CPU
		{CA45FB8E-92E7-4495-B6E1-51DB6525CBB1}.Release|Any CPU.Build.0 = Release|Any CPU
	EndGlobalSection
	GlobalSection(SolutionProperties) = preSolution
		HideSolutionNode = FALSE
	EndGlobalSection
	GlobalSection(ExtensibilityGlobals) = postSolution
		SolutionGuid = {9E401C5A-EB33-40DF-B99B-33215B903441}
	EndGlobalSection
EndGlobal
